
Microsoft Visual Studio Solution File, Format Version 12.00
# Visual Studio Version 16
VisualStudioVersion = 16.0.31624.102
MinimumVisualStudioVersion = 10.0.40219.1
Project("{FAE04EC0-301F-11D3-BF4B-00C04F79EFBC}") = "MoreLoops", "MoreLoops\MoreLoops.csproj", "{6ECDF380-48B1-44B8-9FB3-036DB68CCF4D}"
EndProject
Project("{FAE04EC0-301F-11D3-BF4B-00C04F79EFBC}") = "OROperator", "OROperator\OROperator.csproj", "{9E2BAF1D-3FC6-4E64-9314-38C5EA031E2B}"
EndProject
Project("{FAE04EC0-301F-11D3-BF4B-00C04F79EFBC}") = "LoginValidation", "LoginValidation\LoginValidation.csproj", "{B79B959F-BC9F-4176-95F3-C75E8FD2310D}"
EndProject
Project("{FAE04EC0-301F-11D3-BF4B-00C04F79EFBC}") = "ForLoop", "ForLoop\ForLoop.csproj", "{58584B47-95D5-4484-938C-DA09128E7907}"
EndProject
Project("{FAE04EC0-301F-11D3-BF4B-00C04F79EFBC}") = "OneToTen", "OneToTen\OneToTen.csproj", "{1774E834-1742-465A-9F5F-718A756A6BD1}"
EndProject
Project("{FAE04EC0-301F-11D3-BF4B-00C04F79EFBC}") = "TenToOne", "TenToOne\TenToOne.csproj", "{96C4B012-49DF-49DE-84AB-1292B55622EA}"
EndProject
Project("{FAE04EC0-301F-11D3-BF4B-00C04F79EFBC}") = "ForLoopSum", "ForLoopSum\ForLoopSum.csproj", "{302DA56B-E6F9-4C47-A353-D31202E19105}"
EndProject
Project("{FAE04EC0-301F-11D3-BF4B-00C04F79EFBC}") = "DiceGame", "DiceGame\DiceGame.csproj", "{0472A0E8-3186-4818-87AA-A8B0ABE854B1}"
EndProject
Global
	GlobalSection(SolutionConfigurationPlatforms) = preSolution
		Debug|Any CPU = Debug|Any CPU
		Release|Any CPU = Release|Any CPU
	EndGlobalSection
	GlobalSection(ProjectConfigurationPlatforms) = postSolution
		{6ECDF380-48B1-44B8-9FB3-036DB68CCF4D}.Debug|Any CPU.ActiveCfg = Debug|Any CPU
		{6ECDF380-48B1-44B8-9FB3-036DB68CCF4D}.Debug|Any CPU.Build.0 = Debug|Any CPU
		{6ECDF380-48B1-44B8-9FB3-036DB68CCF4D}.Release|Any CPU.ActiveCfg = Release|Any CPU
		{6ECDF380-48B1-44B8-9FB3-036DB68CCF4D}.Release|Any CPU.Build.0 = Release|Any CPU
		{9E2BAF1D-3FC6-4E64-9314-38C5EA031E2B}.Debug|Any CPU.ActiveCfg = Debug|Any CPU
		{9E2BAF1D-3FC6-4E64-9314-38C5EA031E2B}.Debug|Any CPU.Build.0 = Debug|Any CPU
		{9E2BAF1D-3FC6-4E64-9314-38C5EA031E2B}.Release|Any CPU.ActiveCfg = Release|Any CPU
		{9E2BAF1D-3FC6-4E64-9314-38C5EA031E2B}.Release|Any CPU.Build.0 = Release|Any CPU
		{B79B959F-BC9F-4176-95F3-C75E8FD2310D}.Debug|Any CPU.ActiveCfg = Debug|Any CPU
		{B79B959F-BC9F-4176-95F3-C75E8FD2310D}.Debug|Any CPU.Build.0 = Debug|Any CPU
		{B79B959F-BC9F-4176-95F3-C75E8FD2310D}.Release|Any CPU.ActiveCfg = Release|Any CPU
		{B79B959F-BC9F-4176-95F3-C75E8FD2310D}.Release|Any CPU.Build.0 = Release|Any CPU
		{58584B47-95D5-4484-938C-DA09128E7907}.Debug|Any CPU.ActiveCfg = Debug|Any CPU
		{58584B47-95D5-4484-938C-DA09128E7907}.Debug|Any CPU.Build.0 = Debug|Any CPU
		{58584B47-95D5-4484-938C-DA09128E7907}.Release|Any CPU.ActiveCfg = Release|Any CPU
		{58584B47-95D5-4484-938C-DA09128E7907}.Release|Any CPU.Build.0 = Release|Any CPU
		{1774E834-1742-465A-9F5F-718A756A6BD1}.Debug|Any CPU.ActiveCfg = Debug|Any CPU
		{1774E834-1742-465A-9F5F-718A756A6BD1}.Debug|Any CPU.Build.0 = Debug|Any CPU
		{1774E834-1742-465A-9F5F-718A756A6BD1}.Release|Any CPU.ActiveCfg = Release|Any CPU
		{1774E834-1742-465A-9F5F-718A756A6BD1}.Release|Any CPU.Build.0 = Release|Any CPU
		{96C4B012-49DF-49DE-84AB-1292B55622EA}.Debug|Any CPU.ActiveCfg = Debug|Any CPU
		{96C4B012-49DF-49DE-84AB-1292B55622EA}.Debug|Any CPU.Build.0 = Debug|Any CPU
		{96C4B012-49DF-49DE-84AB-1292B55622EA}.Release|Any CPU.ActiveCfg = Release|Any CPU
		{96C4B012-49DF-49DE-84AB-1292B55622EA}.Release|Any CPU.Build.0 = Release|Any CPU
		{302DA56B-E6F9-4C47-A353-D31202E19105}.Debug|Any CPU.ActiveCfg = Debug|Any CPU
		{302DA56B-E6F9-4C47-A353-D31202E19105}.Debug|Any CPU.Build.0 = Debug|Any CPU
		{302DA56B-E6F9-4C47-A353-D31202E19105}.Release|Any CPU.ActiveCfg = Release|Any CPU
		{302DA56B-E6F9-4C47-A353-D31202E19105}.Release|Any CPU.Build.0 = Release|Any CPU
		{0472A0E8-3186-4818-87AA-A8B0ABE854B1}.Debug|Any CPU.ActiveCfg = Debug|Any CPU
		{0472A0E8-3186-4818-87AA-A8B0ABE854B1}.Debug|Any CPU.Build.0 = Debug|Any CPU
		{0472A0E8-3186-4818-87AA-A8B0ABE854B1}.Release|Any CPU.ActiveCfg = Release|Any CPU
		{0472A0E8-3186-4818-87AA-A8B0ABE854B1}.Release|Any CPU.Build.0 = Release|Any CPU
	EndGlobalSection
	GlobalSection(SolutionProperties) = preSolution
		HideSolutionNode = FALSE
	EndGlobalSection
	GlobalSection(ExtensibilityGlobals) = postSolution
		SolutionGuid = {BB2BEE92-EA76-4075-97F7-D9E0899C242C}
	EndGlobalSection
EndGlobal
